# THIS IS AN AUTOGENERATED FILE. DO NOT EDIT THIS FILE DIRECTLY.
# yarn lockfile v1


accepts@~1.3.3:
  version "1.3.3"
  resolved "https://registry.npmjs.org/accepts/-/accepts-1.3.3.tgz#c3ca7434938648c3e0d9c1e328dd68b622c284ca"
  dependencies:
    mime-types "~2.1.11"
    negotiator "0.6.1"

acorn-globals@^3.0.0:
  version "3.1.0"
  resolved "https://registry.npmjs.org/acorn-globals/-/acorn-globals-3.1.0.tgz#fd8270f71fbb4996b004fa880ee5d46573a731bf"
  dependencies:
    acorn "^4.0.4"

acorn@^3.1.0, acorn@~3.3.0:
  version "3.3.0"
  resolved "https://registry.npmjs.org/acorn/-/acorn-3.3.0.tgz#45e37fb39e8da3f25baee3ff5369e2bb5f22017a"

acorn@^4.0.4:
  version "4.0.11"
  resolved "https://registry.npmjs.org/acorn/-/acorn-4.0.11.tgz#edcda3bd937e7556410d42ed5860f67399c794c0"

acorn@~2.7.0:
  version "2.7.0"
  resolved "https://registry.npmjs.org/acorn/-/acorn-2.7.0.tgz#ab6e7d9d886aaca8b085bc3312b79a198433f0e7"

align-text@^0.1.1, align-text@^0.1.3:
  version "0.1.4"
  resolved "https://registry.npmjs.org/align-text/-/align-text-0.1.4.tgz#0cd90a561093f35d0a99256c22b7069433fad117"
  dependencies:
    kind-of "^3.0.2"
    longest "^1.0.1"
    repeat-string "^1.5.2"

amdefine@>=0.0.4:
  version "1.0.1"
  resolved "https://registry.npmjs.org/amdefine/-/amdefine-1.0.1.tgz#4a5282ac164729e93619bcfd3ad151f817ce91f5"

array-flatten@1.1.1:
  version "1.1.1"
  resolved "https://registry.npmjs.org/array-flatten/-/array-flatten-1.1.1.tgz#9a5f699051b1e7073328f2a008968b64ea2955d2"

asap@~2.0.3:
  version "2.0.5"
  resolved "https://registry.npmjs.org/asap/-/asap-2.0.5.tgz#522765b50c3510490e52d7dcfe085ef9ba96958f"

async@2.1.4:
  version "2.1.4"
  resolved "https://registry.npmjs.org/async/-/async-2.1.4.tgz#2d2160c7788032e4dd6cbe2502f1f9a2c8f6cde4"
  dependencies:
    lodash "^4.14.0"

async@^1.4.0:
  version "1.5.2"
  resolved "https://registry.npmjs.org/async/-/async-1.5.2.tgz#ec6a61ae56480c0c3cb241c95618e20892f9672a"

base64url@2.0.0, base64url@^2.0.0:
  version "2.0.0"
  resolved "https://registry.npmjs.org/base64url/-/base64url-2.0.0.tgz#eac16e03ea1438eff9423d69baa36262ed1f70bb"

bluebird@2.10.2:
  version "2.10.2"
  resolved "https://registry.npmjs.org/bluebird/-/bluebird-2.10.2.tgz#024a5517295308857f14f91f1106fc3b555f446b"

body-parser@^1.17.1:
  version "1.17.1"
  resolved "https://registry.npmjs.org/body-parser/-/body-parser-1.17.1.tgz#75b3bc98ddd6e7e0d8ffe750dfaca5c66993fa47"
  dependencies:
    bytes "2.4.0"
    content-type "~1.0.2"
    debug "2.6.1"
    depd "~1.1.0"
    http-errors "~1.6.1"
    iconv-lite "0.4.15"
    on-finished "~2.3.0"
    qs "6.4.0"
    raw-body "~2.2.0"
    type-is "~1.6.14"

boom@^2.7.2:
  version "2.10.1"
  resolved "https://registry.npmjs.org/boom/-/boom-2.10.1.tgz#39c8918ceff5799f83f9492a848f625add0c766f"
  dependencies:
    hoek "2.x.x"

bson@~1.0.4:
  version "1.0.4"
  resolved "https://registry.npmjs.org/bson/-/bson-1.0.4.tgz#93c10d39eaa5b58415cbc4052f3e53e562b0b72c"

buffer-equal-constant-time@1.0.1:
  version "1.0.1"
  resolved "https://registry.npmjs.org/buffer-equal-constant-time/-/buffer-equal-constant-time-1.0.1.tgz#f8e71132f7ffe6e01a5c9697a4c6f3e48d5cc819"

buffer-shims@~1.0.0:
  version "1.0.0"
  resolved "https://registry.npmjs.org/buffer-shims/-/buffer-shims-1.0.0.tgz#9978ce317388c649ad8793028c3477ef044a8b51"

bytes@2.4.0:
  version "2.4.0"
  resolved "https://registry.npmjs.org/bytes/-/bytes-2.4.0.tgz#7d97196f9d5baf7f6935e25985549edd2a6c2339"

camelcase@^1.0.2:
  version "1.2.1"
  resolved "https://registry.npmjs.org/camelcase/-/camelcase-1.2.1.tgz#9bb5304d2e0b56698b2c758b08a3eaa9daa58a39"

center-align@^0.1.1:
  version "0.1.3"
  resolved "https://registry.npmjs.org/center-align/-/center-align-0.1.3.tgz#aa0d32629b6ee972200411cbd4461c907bc2b7ad"
  dependencies:
    align-text "^0.1.3"
    lazy-cache "^1.0.3"

character-parser@^2.1.1:
  version "2.2.0"
  resolved "https://registry.npmjs.org/character-parser/-/character-parser-2.2.0.tgz#c7ce28f36d4bcd9744e5ffc2c5fcde1c73261fc0"
  dependencies:
    is-regex "^1.0.3"

clean-css@^3.3.0:
  version "3.4.25"
  resolved "https://registry.npmjs.org/clean-css/-/clean-css-3.4.25.tgz#9e9a52d5c1e6bc5123e1b2783fa65fe958946ede"
  dependencies:
    commander "2.8.x"
    source-map "0.4.x"

cliui@^2.1.0:
  version "2.1.0"
  resolved "https://registry.npmjs.org/cliui/-/cliui-2.1.0.tgz#4b475760ff80264c762c3a1719032e91c7fea0d1"
  dependencies:
    center-align "^0.1.1"
    right-align "^0.1.1"
    wordwrap "0.0.2"

combined-stream@^1.0.5:
  version "1.0.5"
  resolved "https://registry.npmjs.org/combined-stream/-/combined-stream-1.0.5.tgz#938370a57b4a51dea2c77c15d5c5fdf895164009"
  dependencies:
    delayed-stream "~1.0.0"

commander@2.8.x:
  version "2.8.1"
  resolved "https://registry.npmjs.org/commander/-/commander-2.8.1.tgz#06be367febfda0c330aa1e2a072d3dc9762425d4"
  dependencies:
    graceful-readlink ">= 1.0.0"

component-emitter@~1.2.0:
  version "1.2.1"
  resolved "https://registry.npmjs.org/component-emitter/-/component-emitter-1.2.1.tgz#137918d6d78283f7df7a6b7c5a63e140e69425e6"

constantinople@^3.0.1:
  version "3.1.0"
  resolved "https://registry.npmjs.org/constantinople/-/constantinople-3.1.0.tgz#7569caa8aa3f8d5935d62e1fa96f9f702cd81c79"
  dependencies:
    acorn "^3.1.0"
    is-expression "^2.0.1"

content-disposition@0.5.2:
  version "0.5.2"
  resolved "https://registry.npmjs.org/content-disposition/-/content-disposition-0.5.2.tgz#0cf68bb9ddf5f2be7961c3a85178cb85dba78cb4"

content-type@~1.0.2:
  version "1.0.2"
  resolved "https://registry.npmjs.org/content-type/-/content-type-1.0.2.tgz#b7d113aee7a8dd27bd21133c4dc2529df1721eed"

cookie-signature@1.0.6:
  version "1.0.6"
  resolved "https://registry.npmjs.org/cookie-signature/-/cookie-signature-1.0.6.tgz#e303a882b342cc3ee8ca513a79999734dab3ae2c"

cookie@0.3.1:
  version "0.3.1"
  resolved "https://registry.npmjs.org/cookie/-/cookie-0.3.1.tgz#e7e0a1f9ef43b4c8ba925c5c5a96e806d16873bb"

cookiejar@2.0.6:
  version "2.0.6"
  resolved "https://registry.npmjs.org/cookiejar/-/cookiejar-2.0.6.tgz#0abf356ad00d1c5a219d88d44518046dd026acfe"

core-util-is@~1.0.0:
  version "1.0.2"
  resolved "https://registry.npmjs.org/core-util-is/-/core-util-is-1.0.2.tgz#b5fd54220aa2bc5ab57aab7140c940754503c1a7"

debug@2, debug@2.6.4:
  version "2.6.4"
  resolved "https://registry.npmjs.org/debug/-/debug-2.6.4.tgz#7586a9b3c39741c0282ae33445c4e8ac74734fe0"
  dependencies:
    ms "0.7.3"

debug@2.2.0:
  version "2.2.0"
  resolved "https://registry.npmjs.org/debug/-/debug-2.2.0.tgz#f87057e995b1a1f6ae6a4960664137bc56f039da"
  dependencies:
    ms "0.7.1"

debug@2.6.1:
  version "2.6.1"
  resolved "https://registry.npmjs.org/debug/-/debug-2.6.1.tgz#79855090ba2c4e3115cc7d8769491d58f0491351"
  dependencies:
    ms "0.7.2"

decamelize@^1.0.0:
  version "1.2.0"
  resolved "https://registry.npmjs.org/decamelize/-/decamelize-1.2.0.tgz#f6534d15148269b20352e7bee26f501f9a191290"

delayed-stream@~1.0.0:
  version "1.0.0"
  resolved "https://registry.npmjs.org/delayed-stream/-/delayed-stream-1.0.0.tgz#df3ae199acadfb7d440aaae0b29e2272b24ec619"

depd@1.1.0, depd@~1.1.0:
  version "1.1.0"
  resolved "https://registry.npmjs.org/depd/-/depd-1.1.0.tgz#e1bd82c6aab6ced965b97b88b17ed3e528ca18c3"

destroy@~1.0.4:
  version "1.0.4"
  resolved "https://registry.npmjs.org/destroy/-/destroy-1.0.4.tgz#978857442c44749e4206613e37946205826abd80"

doctypes@^1.0.0:
  version "1.1.0"
  resolved "https://registry.npmjs.org/doctypes/-/doctypes-1.1.0.tgz#ea80b106a87538774e8a3a4a5afe293de489e0a9"

ecdsa-sig-formatter@1.0.9:
  version "1.0.9"
  resolved "https://registry.npmjs.org/ecdsa-sig-formatter/-/ecdsa-sig-formatter-1.0.9.tgz#4bc926274ec3b5abb5016e7e1d60921ac262b2a1"
  dependencies:
    base64url "^2.0.0"
    safe-buffer "^5.0.1"

ee-first@1.1.1:
  version "1.1.1"
  resolved "https://registry.npmjs.org/ee-first/-/ee-first-1.1.1.tgz#590c61156b0ae2f4f0255732a158b266bc56b21d"

encodeurl@~1.0.1:
  version "1.0.1"
  resolved "https://registry.npmjs.org/encodeurl/-/encodeurl-1.0.1.tgz#79e3d58655346909fe6f0f45a5de68103b294d20"

es6-promise@3.2.1:
  version "3.2.1"
  resolved "https://registry.npmjs.org/es6-promise/-/es6-promise-3.2.1.tgz#ec56233868032909207170c39448e24449dd1fc4"

escape-html@~1.0.3:
  version "1.0.3"
  resolved "https://registry.npmjs.org/escape-html/-/escape-html-1.0.3.tgz#0258eae4d3d0c0974de1c169188ef0051d1d1988"

etag@~1.8.0:
  version "1.8.0"
  resolved "https://registry.npmjs.org/etag/-/etag-1.8.0.tgz#6f631aef336d6c46362b51764044ce216be3c051"

express@^4.15.2:
  version "4.15.2"
  resolved "https://registry.npmjs.org/express/-/express-4.15.2.tgz#af107fc148504457f2dca9a6f2571d7129b97b35"
  dependencies:
    accepts "~1.3.3"
    array-flatten "1.1.1"
    content-disposition "0.5.2"
    content-type "~1.0.2"
    cookie "0.3.1"
    cookie-signature "1.0.6"
    debug "2.6.1"
    depd "~1.1.0"
    encodeurl "~1.0.1"
    escape-html "~1.0.3"
    etag "~1.8.0"
    finalhandler "~1.0.0"
    fresh "0.5.0"
    merge-descriptors "1.0.1"
    methods "~1.1.2"
    on-finished "~2.3.0"
    parseurl "~1.3.1"
    path-to-regexp "0.1.7"
    proxy-addr "~1.1.3"
    qs "6.4.0"
    range-parser "~1.2.0"
    send "0.15.1"
    serve-static "1.12.1"
    setprototypeof "1.0.3"
    statuses "~1.3.1"
    type-is "~1.6.14"
    utils-merge "1.0.0"
    vary "~1.1.0"

extend@3.0.0:
  version "3.0.0"
  resolved "https://registry.npmjs.org/extend/-/extend-3.0.0.tgz#5a474353b9f3353ddd8176dfd37b91c83a46f1d4"

finalhandler@~1.0.0:
  version "1.0.2"
  resolved "https://registry.npmjs.org/finalhandler/-/finalhandler-1.0.2.tgz#d0e36f9dbc557f2de14423df6261889e9d60c93a"
  dependencies:
    debug "2.6.4"
    encodeurl "~1.0.1"
    escape-html "~1.0.3"
    on-finished "~2.3.0"
    parseurl "~1.3.1"
    statuses "~1.3.1"
    unpipe "~1.0.0"

form-data@1.0.0-rc3:
  version "1.0.0-rc3"
  resolved "https://registry.npmjs.org/form-data/-/form-data-1.0.0-rc3.tgz#d35bc62e7fbc2937ae78f948aaa0d38d90607577"
  dependencies:
    async "^1.4.0"
    combined-stream "^1.0.5"
    mime-types "^2.1.3"

formidable@~1.0.14:
  version "1.0.17"
  resolved "https://registry.npmjs.org/formidable/-/formidable-1.0.17.tgz#ef5491490f9433b705faa77249c99029ae348559"

forwarded@~0.1.0:
  version "0.1.0"
  resolved "https://registry.npmjs.org/forwarded/-/forwarded-0.1.0.tgz#19ef9874c4ae1c297bcf078fde63a09b66a84363"

fresh@0.5.0:
  version "0.5.0"
  resolved "https://registry.npmjs.org/fresh/-/fresh-0.5.0.tgz#f474ca5e6a9246d6fd8e0953cfa9b9c805afa78e"

function-bind@^1.0.2:
  version "1.1.0"
  resolved "https://registry.npmjs.org/function-bind/-/function-bind-1.1.0.tgz#16176714c801798e4e8f2cf7f7529467bb4a5771"

"graceful-readlink@>= 1.0.0":
  version "1.0.1"
  resolved "https://registry.npmjs.org/graceful-readlink/-/graceful-readlink-1.0.1.tgz#4cafad76bc62f02fa039b2f94e9a3dd3a391a725"

has@^1.0.1:
  version "1.0.1"
  resolved "https://registry.npmjs.org/has/-/has-1.0.1.tgz#8461733f538b0837c9361e39a9ab9e9704dc2f28"
  dependencies:
    function-bind "^1.0.2"

hoek@2.x.x:
  version "2.16.3"
  resolved "https://registry.npmjs.org/hoek/-/hoek-2.16.3.tgz#20bb7403d3cea398e91dc4710a8ff1b8274a25ed"

hooks-fixed@2.0.0:
  version "2.0.0"
  resolved "https://registry.npmjs.org/hooks-fixed/-/hooks-fixed-2.0.0.tgz#a01d894d52ac7f6599bbb1f63dfc9c411df70cba"

http-errors@~1.6.1:
  version "1.6.1"
  resolved "https://registry.npmjs.org/http-errors/-/http-errors-1.6.1.tgz#5f8b8ed98aca545656bf572997387f904a722257"
  dependencies:
    depd "1.1.0"
    inherits "2.0.3"
    setprototypeof "1.0.3"
    statuses ">= 1.3.1 < 2"

iconv-lite@0.4.15:
  version "0.4.15"
  resolved "https://registry.npmjs.org/iconv-lite/-/iconv-lite-0.4.15.tgz#fe265a218ac6a57cfe854927e9d04c19825eddeb"

inherits@2.0.3, inherits@~2.0.1:
  version "2.0.3"
  resolved "https://registry.npmjs.org/inherits/-/inherits-2.0.3.tgz#633c2c83e3da42a502f52466022480f4208261de"

ipaddr.js@1.3.0:
  version "1.3.0"
  resolved "https://registry.npmjs.org/ipaddr.js/-/ipaddr.js-1.3.0.tgz#1e03a52fdad83a8bbb2b25cbf4998b4cffcd3dec"

is-buffer@^1.1.5:
  version "1.1.5"
  resolved "https://registry.npmjs.org/is-buffer/-/is-buffer-1.1.5.tgz#1f3b26ef613b214b88cbca23cc6c01d87961eecc"

is-expression@^1.0.0:
  version "1.0.2"
  resolved "https://registry.npmjs.org/is-expression/-/is-expression-1.0.2.tgz#a345b96218e9df21e65510c39b4dc3602fdd3f96"
  dependencies:
    acorn "~2.7.0"
    object-assign "^4.0.1"

is-expression@^2.0.1:
  version "2.1.0"
  resolved "https://registry.npmjs.org/is-expression/-/is-expression-2.1.0.tgz#91be9d47debcfef077977e9722be6dcfb4465ef0"
  dependencies:
    acorn "~3.3.0"
    object-assign "^4.0.1"

is-promise@^2.0.0:
  version "2.1.0"
  resolved "https://registry.npmjs.org/is-promise/-/is-promise-2.1.0.tgz#79a2a9ece7f096e80f36d2b2f3bc16c1ff4bf3fa"

is-regex@^1.0.3:
  version "1.0.4"
  resolved "https://registry.npmjs.org/is-regex/-/is-regex-1.0.4.tgz#5517489b547091b0930e095654ced25ee97e9491"
  dependencies:
    has "^1.0.1"

isarray@0.0.1:
  version "0.0.1"
  resolved "https://registry.npmjs.org/isarray/-/isarray-0.0.1.tgz#8a18acfca9a8f4177e09abfc6038939b05d1eedf"

isarray@~1.0.0:
  version "1.0.0"
  resolved "https://registry.npmjs.org/isarray/-/isarray-1.0.0.tgz#bb935d48582cba168c06834957a54a3e07124f11"

js-stringify@^1.0.1:
  version "1.0.2"
  resolved "https://registry.npmjs.org/js-stringify/-/js-stringify-1.0.2.tgz#1736fddfd9724f28a3682adc6230ae7e4e9679db"

jsonwebtoken@^5.7.0:
  version "5.7.0"
  resolved "https://registry.npmjs.org/jsonwebtoken/-/jsonwebtoken-5.7.0.tgz#1c90f9a86ce5b748f5f979c12b70402b4afcddb4"
  dependencies:
    jws "^3.0.0"
    ms "^0.7.1"
    xtend "^4.0.1"

jstransformer@0.0.3:
  version "0.0.3"
  resolved "https://registry.npmjs.org/jstransformer/-/jstransformer-0.0.3.tgz#347495bd3fe1cfe8f03e2d71578acb9024826cf5"
  dependencies:
    is-promise "^2.0.0"
    promise "^7.0.1"

jwa@^1.1.4:
  version "1.1.5"
  resolved "https://registry.npmjs.org/jwa/-/jwa-1.1.5.tgz#a0552ce0220742cd52e153774a32905c30e756e5"
  dependencies:
    base64url "2.0.0"
    buffer-equal-constant-time "1.0.1"
    ecdsa-sig-formatter "1.0.9"
    safe-buffer "^5.0.1"

jws@^3.0.0:
  version "3.1.4"
  resolved "https://registry.npmjs.org/jws/-/jws-3.1.4.tgz#f9e8b9338e8a847277d6444b1464f61880e050a2"
  dependencies:
    base64url "^2.0.0"
    jwa "^1.1.4"
    safe-buffer "^5.0.1"

kareem@1.4.1:
  version "1.4.1"
  resolved "https://registry.npmjs.org/kareem/-/kareem-1.4.1.tgz#ed76200044fa041ef32b4da8261e2553f1173531"

kind-of@^3.0.2:
  version "3.2.0"
  resolved "https://registry.npmjs.org/kind-of/-/kind-of-3.2.0.tgz#b58abe4d5c044ad33726a8c1525b48cf891bff07"
  dependencies:
    is-buffer "^1.1.5"

lazy-cache@^1.0.3:
  version "1.0.4"
  resolved "https://registry.npmjs.org/lazy-cache/-/lazy-cache-1.0.4.tgz#a1d78fc3a50474cb80845d3b3b6e1da49a446e8e"

lodash@^4.14.0:
  version "4.17.4"
  resolved "https://registry.npmjs.org/lodash/-/lodash-4.17.4.tgz#78203a4d1c328ae1d86dca6460e369b57f4055ae"

longest@^1.0.1:
  version "1.0.1"
  resolved "https://registry.npmjs.org/longest/-/longest-1.0.1.tgz#30a0b2da38f73770e8294a0d22e6625ed77d0097"

media-typer@0.3.0:
  version "0.3.0"
  resolved "https://registry.npmjs.org/media-typer/-/media-typer-0.3.0.tgz#8710d7af0aa626f8fffa1ce00168545263255748"

merge-descriptors@1.0.1:
  version "1.0.1"
  resolved "https://registry.npmjs.org/merge-descriptors/-/merge-descriptors-1.0.1.tgz#b00aaa556dd8b44568150ec9d1b953f3f90cbb61"

methods@~1.1.1, methods@~1.1.2:
  version "1.1.2"
  resolved "https://registry.npmjs.org/methods/-/methods-1.1.2.tgz#5529a4d67654134edcc5266656835b0f851afcee"

mime-db@~1.27.0:
  version "1.27.0"
  resolved "https://registry.npmjs.org/mime-db/-/mime-db-1.27.0.tgz#820f572296bbd20ec25ed55e5b5de869e5436eb1"

mime-types@^2.1.3, mime-types@~2.1.11, mime-types@~2.1.15:
  version "2.1.15"
  resolved "https://registry.npmjs.org/mime-types/-/mime-types-2.1.15.tgz#a4ebf5064094569237b8cf70046776d09fc92aed"
  dependencies:
    mime-db "~1.27.0"

mime@1.3.4:
  version "1.3.4"
  resolved "https://registry.npmjs.org/mime/-/mime-1.3.4.tgz#115f9e3b6b3daf2959983cb38f149a2d40eb5d53"

mongodb-core@2.1.10:
  version "2.1.10"
  resolved "https://registry.npmjs.org/mongodb-core/-/mongodb-core-2.1.10.tgz#eb290681d196d3346a492161aa2ea0905e63151b"
  dependencies:
    bson "~1.0.4"
    require_optional "~1.0.0"

mongodb@2.2.26:
  version "2.2.26"
  resolved "https://registry.npmjs.org/mongodb/-/mongodb-2.2.26.tgz#1bd50c557c277c98e1a05da38c9839c4922b034a"
  dependencies:
    es6-promise "3.2.1"
    mongodb-core "2.1.10"
    readable-stream "2.2.7"

mongoose@^4.9.5:
  version "4.9.7"
  resolved "https://registry.npmjs.org/mongoose/-/mongoose-4.9.7.tgz#eb86528cff7e7b78a27e084b59e5131641599d0b"
  dependencies:
    async "2.1.4"
    bson "~1.0.4"
    hooks-fixed "2.0.0"
    kareem "1.4.1"
    mongodb "2.2.26"
    mpath "0.2.1"
    mpromise "0.5.5"
    mquery "2.3.0"
    ms "0.7.2"
    muri "1.2.1"
    regexp-clone "0.0.1"
    sliced "1.0.1"

mpath@0.2.1:
  version "0.2.1"
  resolved "https://registry.npmjs.org/mpath/-/mpath-0.2.1.tgz#3a4e829359801de96309c27a6b2e102e89f9e96e"

mpromise@0.5.5:
  version "0.5.5"
  resolved "https://registry.npmjs.org/mpromise/-/mpromise-0.5.5.tgz#f5b24259d763acc2257b0a0c8c6d866fd51732e6"

mquery@2.3.0:
  version "2.3.0"
  resolved "https://registry.npmjs.org/mquery/-/mquery-2.3.0.tgz#3d1717ad8958d0c99e42ea2461a109f3e5f3e458"
  dependencies:
    bluebird "2.10.2"
    debug "2.2.0"
    regexp-clone "0.0.1"
    sliced "0.0.5"

ms@0.7.1:
  version "0.7.1"
  resolved "https://registry.npmjs.org/ms/-/ms-0.7.1.tgz#9cd13c03adbff25b65effde7ce864ee952017098"

ms@0.7.2:
  version "0.7.2"
  resolved "https://registry.npmjs.org/ms/-/ms-0.7.2.tgz#ae25cf2512b3885a1d95d7f037868d8431124765"

ms@0.7.3, ms@^0.7.1:
  version "0.7.3"
  resolved "https://registry.npmjs.org/ms/-/ms-0.7.3.tgz#708155a5e44e33f5fd0fc53e81d0d40a91be1fff"

muri@1.2.1:
  version "1.2.1"
  resolved "https://registry.npmjs.org/muri/-/muri-1.2.1.tgz#ec7ea5ce6ca6a523eb1ab35bacda5fa816c9aa3c"

negotiator@0.6.1:
  version "0.6.1"
  resolved "https://registry.npmjs.org/negotiator/-/negotiator-0.6.1.tgz#2b327184e8992101177b28563fb5e7102acd0ca9"

object-assign@^4.0.1:
  version "4.1.1"
  resolved "https://registry.npmjs.org/object-assign/-/object-assign-4.1.1.tgz#2109adc7965887cfc05cbbd442cac8bfbb360863"

on-finished@~2.3.0:
  version "2.3.0"
  resolved "https://registry.npmjs.org/on-finished/-/on-finished-2.3.0.tgz#20f1336481b083cd75337992a16971aa2d906947"
  dependencies:
    ee-first "1.1.1"

parseurl@~1.3.1:
  version "1.3.1"
  resolved "https://registry.npmjs.org/parseurl/-/parseurl-1.3.1.tgz#c8ab8c9223ba34888aa64a297b28853bec18da56"

path-parse@^1.0.5:
  version "1.0.5"
  resolved "https://registry.npmjs.org/path-parse/-/path-parse-1.0.5.tgz#3c1adf871ea9cd6c9431b6ea2bd74a0ff055c4c1"

path-to-regexp@0.1.7:
  version "0.1.7"
  resolved "https://registry.npmjs.org/path-to-regexp/-/path-to-regexp-0.1.7.tgz#df604178005f522f15eb4490e7247a1bfaa67f8c"

process-nextick-args@~1.0.6:
  version "1.0.7"
  resolved "https://registry.npmjs.org/process-nextick-args/-/process-nextick-args-1.0.7.tgz#150e20b756590ad3f91093f25a4f2ad8bff30ba3"

promise@^7.0.1:
  version "7.1.1"
  resolved "https://registry.npmjs.org/promise/-/promise-7.1.1.tgz#489654c692616b8aa55b0724fa809bb7db49c5bf"
  dependencies:
    asap "~2.0.3"

proxy-addr@~1.1.3:
  version "1.1.4"
  resolved "https://registry.npmjs.org/proxy-addr/-/proxy-addr-1.1.4.tgz#27e545f6960a44a627d9b44467e35c1b6b4ce2f3"
  dependencies:
    forwarded "~0.1.0"
    ipaddr.js "1.3.0"

pug-attrs@^0.0.0:
  version "0.0.0"
  resolved "https://registry.npmjs.org/pug-attrs/-/pug-attrs-0.0.0.tgz#9ffeab30be1723d1143f1b093140c8c3439ca0cb"
  dependencies:
    constantinople "^3.0.1"
    js-stringify "^1.0.1"
    pug-runtime "^0.0.0"

pug-code-gen@0.0.0:
  version "0.0.0"
  resolved "https://registry.npmjs.org/pug-code-gen/-/pug-code-gen-0.0.0.tgz#a4ffc0f66235bb8d8ca96dab503205feb5d3c584"
  dependencies:
    constantinople "^3.0.1"
    doctypes "^1.0.0"
    js-stringify "^1.0.1"
    pug-attrs "^0.0.0"
    pug-runtime "^0.0.0"
    void-elements "^2.0.1"
    with "^5.0.0"

pug-error@^0.0.0:
  version "0.0.0"
  resolved "https://registry.npmjs.org/pug-error/-/pug-error-0.0.0.tgz#dd264a39c20d65487df85ff5663097862a16db78"

pug-filters@1.1.0:
  version "1.1.0"
  resolved "https://registry.npmjs.org/pug-filters/-/pug-filters-1.1.0.tgz#c17b50a0ed5fc7282314cc411b04bf64d2dc9e13"
  dependencies:
    clean-css "^3.3.0"
    constantinople "^3.0.1"
    jstransformer "0.0.3"
    pug-error "^0.0.0"
    pug-walk "^0.0.0"
    resolve "^1.1.6"
    uglify-js "^2.6.1"

pug-lexer@0.0.0:
  version "0.0.0"
  resolved "https://registry.npmjs.org/pug-lexer/-/pug-lexer-0.0.0.tgz#202246e96666973099219b619047f0c75f52fb06"
  dependencies:
    character-parser "^2.1.1"
    is-expression "^1.0.0"
    pug-error "^0.0.0"

pug-linker@0.0.0:
  version "0.0.0"
  resolved "https://registry.npmjs.org/pug-linker/-/pug-linker-0.0.0.tgz#8cae368e8911691a53e5d00feff38a9f1752e77e"
  dependencies:
    pug-error "^0.0.0"
    pug-walk "^0.0.0"

pug-loader@0.0.0:
  version "0.0.0"
  resolved "https://registry.npmjs.org/pug-loader/-/pug-loader-0.0.0.tgz#2994cc855db098a62ab51b97fc150bc06ab919bf"
  dependencies:
    pug-walk "0.0.0"

pug-parser@0.0.0:
  version "0.0.0"
  resolved "https://registry.npmjs.org/pug-parser/-/pug-parser-0.0.0.tgz#08831eabd753590d45573247e546ac07c4e6e523"
  dependencies:
    pug-error "^0.0.0"
    token-stream "0.0.1"

pug-runtime@0.0.0, pug-runtime@^0.0.0:
  version "0.0.0"
  resolved "https://registry.npmjs.org/pug-runtime/-/pug-runtime-0.0.0.tgz#f8105094f78ac893cdb19746a7cb0916fd418697"

pug-strip-comments@0.0.1:
  version "0.0.1"
  resolved "https://registry.npmjs.org/pug-strip-comments/-/pug-strip-comments-0.0.1.tgz#ac346bb773d82492bf922dae2d4681a20cf0638f"
  dependencies:
    pug-error "^0.0.0"

pug-walk@0.0.0, pug-walk@^0.0.0:
  version "0.0.0"
  resolved "https://registry.npmjs.org/pug-walk/-/pug-walk-0.0.0.tgz#d16ed9429e6ae71698fedeeaee4734ea81ecd52a"

pug@^0.1.0:
  version "0.1.0"
  resolved "https://registry.npmjs.org/pug/-/pug-0.1.0.tgz#6958bf32ad56378b048f01949b380d470d8b5cc9"
  dependencies:
    pug-code-gen "0.0.0"
    pug-filters "1.1.0"
    pug-lexer "0.0.0"
    pug-linker "0.0.0"
    pug-loader "0.0.0"
    pug-parser "0.0.0"
    pug-runtime "0.0.0"
    pug-strip-comments "0.0.1"

qs@2.3.3:
  version "2.3.3"
  resolved "https://registry.npmjs.org/qs/-/qs-2.3.3.tgz#e9e85adbe75da0bbe4c8e0476a086290f863b404"

qs@6.4.0:
  version "6.4.0"
  resolved "https://registry.npmjs.org/qs/-/qs-6.4.0.tgz#13e26d28ad6b0ffaa91312cd3bf708ed351e7233"

range-parser@~1.2.0:
  version "1.2.0"
  resolved "https://registry.npmjs.org/range-parser/-/range-parser-1.2.0.tgz#f49be6b487894ddc40dcc94a322f611092e00d5e"

raw-body@~2.2.0:
  version "2.2.0"
  resolved "https://registry.npmjs.org/raw-body/-/raw-body-2.2.0.tgz#994976cf6a5096a41162840492f0bdc5d6e7fb96"
  dependencies:
    bytes "2.4.0"
    iconv-lite "0.4.15"
    unpipe "1.0.0"

readable-stream@1.0.27-1:
  version "1.0.27-1"
  resolved "https://registry.npmjs.org/readable-stream/-/readable-stream-1.0.27-1.tgz#6b67983c20357cefd07f0165001a16d710d91078"
  dependencies:
    core-util-is "~1.0.0"
    inherits "~2.0.1"
    isarray "0.0.1"
    string_decoder "~0.10.x"

readable-stream@2.2.7:
  version "2.2.7"
  resolved "https://registry.npmjs.org/readable-stream/-/readable-stream-2.2.7.tgz#07057acbe2467b22042d36f98c5ad507054e95b1"
  dependencies:
    buffer-shims "~1.0.0"
    core-util-is "~1.0.0"
    inherits "~2.0.1"
    isarray "~1.0.0"
    process-nextick-args "~1.0.6"
    string_decoder "~1.0.0"
    util-deprecate "~1.0.1"

reduce-component@1.0.1:
  version "1.0.1"
  resolved "https://registry.npmjs.org/reduce-component/-/reduce-component-1.0.1.tgz#e0c93542c574521bea13df0f9488ed82ab77c5da"

regexp-clone@0.0.1:
  version "0.0.1"
  resolved "https://registry.npmjs.org/regexp-clone/-/regexp-clone-0.0.1.tgz#a7c2e09891fdbf38fbb10d376fb73003e68ac589"

repeat-string@^1.5.2:
  version "1.6.1"
  resolved "https://registry.npmjs.org/repeat-string/-/repeat-string-1.6.1.tgz#8dcae470e1c88abc2d600fff4a776286da75e637"

require_optional@~1.0.0:
  version "1.0.0"
  resolved "https://registry.npmjs.org/require_optional/-/require_optional-1.0.0.tgz#52a86137a849728eb60a55533617f8f914f59abf"
  dependencies:
    resolve-from "^2.0.0"
    semver "^5.1.0"

resolve-from@^2.0.0:
  version "2.0.0"
  resolved "https://registry.npmjs.org/resolve-from/-/resolve-from-2.0.0.tgz#9480ab20e94ffa1d9e80a804c7ea147611966b57"

resolve@^1.1.6:
  version "1.3.3"
  resolved "https://registry.npmjs.org/resolve/-/resolve-1.3.3.tgz#655907c3469a8680dc2de3a275a8fdd69691f0e5"
  dependencies:
    path-parse "^1.0.5"

right-align@^0.1.1:
  version "0.1.3"
  resolved "https://registry.npmjs.org/right-align/-/right-align-0.1.3.tgz#61339b722fe6a3515689210d24e14c96148613ef"
  dependencies:
    align-text "^0.1.1"

safe-buffer@^5.0.1:
  version "5.0.1"
  resolved "https://registry.npmjs.org/safe-buffer/-/safe-buffer-5.0.1.tgz#d263ca54696cd8a306b5ca6551e92de57918fbe7"

semver@^5.1.0:
  version "5.3.0"
  resolved "https://registry.npmjs.org/semver/-/semver-5.3.0.tgz#9b2ce5d3de02d17c6012ad326aa6b4d0cf54f94f"

send@0.15.1:
  version "0.15.1"
  resolved "https://registry.npmjs.org/send/-/send-0.15.1.tgz#8a02354c26e6f5cca700065f5f0cdeba90ec7b5f"
  dependencies:
    debug "2.6.1"
    depd "~1.1.0"
    destroy "~1.0.4"
    encodeurl "~1.0.1"
    escape-html "~1.0.3"
    etag "~1.8.0"
    fresh "0.5.0"
    http-errors "~1.6.1"
    mime "1.3.4"
    ms "0.7.2"
    on-finished "~2.3.0"
    range-parser "~1.2.0"
    statuses "~1.3.1"

serve-static@1.12.1:
  version "1.12.1"
  resolved "https://registry.npmjs.org/serve-static/-/serve-static-1.12.1.tgz#7443a965e3ced647aceb5639fa06bf4d1bbe0039"
  dependencies:
    encodeurl "~1.0.1"
    escape-html "~1.0.3"
    parseurl "~1.3.1"
    send "0.15.1"

setprototypeof@1.0.3:
  version "1.0.3"
  resolved "https://registry.npmjs.org/setprototypeof/-/setprototypeof-1.0.3.tgz#66567e37043eeb4f04d91bd658c0cbefb55b8e04"

sliced@0.0.5:
  version "0.0.5"
  resolved "https://registry.npmjs.org/sliced/-/sliced-0.0.5.tgz#5edc044ca4eb6f7816d50ba2fc63e25d8fe4707f"

sliced@1.0.1:
  version "1.0.1"
  resolved "https://registry.npmjs.org/sliced/-/sliced-1.0.1.tgz#0b3a662b5d04c3177b1926bea82b03f837a2ef41"

source-map@0.4.x:
  version "0.4.4"
  resolved "https://registry.npmjs.org/source-map/-/source-map-0.4.4.tgz#eba4f5da9c0dc999de68032d8b4f76173652036b"
  dependencies:
    amdefine ">=0.0.4"

source-map@~0.5.1:
  version "0.5.6"
  resolved "https://registry.npmjs.org/source-map/-/source-map-0.5.6.tgz#75ce38f52bf0733c5a7f0c118d81334a2bb5f412"

"statuses@>= 1.3.1 < 2", statuses@~1.3.1:
  version "1.3.1"
  resolved "https://registry.npmjs.org/statuses/-/statuses-1.3.1.tgz#faf51b9eb74aaef3b3acf4ad5f61abf24cb7b93e"

string_decoder@~0.10.x:
  version "0.10.31"
  resolved "https://registry.npmjs.org/string_decoder/-/string_decoder-0.10.31.tgz#62e203bc41766c6c28c9fc84301dab1c5310fa94"

string_decoder@~1.0.0:
  version "1.0.0"
  resolved "https://registry.npmjs.org/string_decoder/-/string_decoder-1.0.0.tgz#f06f41157b664d86069f84bdbdc9b0d8ab281667"
  dependencies:
    buffer-shims "~1.0.0"

superagent@^1.8.3:
  version "1.8.5"
  resolved "https://registry.npmjs.org/superagent/-/superagent-1.8.5.tgz#1c0ddc3af30e80eb84ebc05cb2122da8fe940b55"
  dependencies:
    component-emitter "~1.2.0"
    cookiejar "2.0.6"
    debug "2"
    extend "3.0.0"
    form-data "1.0.0-rc3"
    formidable "~1.0.14"
    methods "~1.1.1"
    mime "1.3.4"
    qs "2.3.3"
    readable-stream "1.0.27-1"
    reduce-component "1.0.1"

token-stream@0.0.1:
  version "0.0.1"
  resolved "https://registry.npmjs.org/token-stream/-/token-stream-0.0.1.tgz#ceeefc717a76c4316f126d0b9dbaa55d7e7df01a"

type-is@~1.6.14:
  version "1.6.15"
  resolved "https://registry.npmjs.org/type-is/-/type-is-1.6.15.tgz#cab10fb4909e441c82842eafe1ad646c81804410"
  dependencies:
    media-typer "0.3.0"
    mime-types "~2.1.15"

uglify-js@^2.6.1:
  version "2.8.22"
  resolved "https://registry.npmjs.org/uglify-js/-/uglify-js-2.8.22.tgz#d54934778a8da14903fa29a326fb24c0ab51a1a0"
  dependencies:
    source-map "~0.5.1"
    yargs "~3.10.0"
  optionalDependencies:
    uglify-to-browserify "~1.0.0"

uglify-to-browserify@~1.0.0:
  version "1.0.2"
  resolved "https://registry.npmjs.org/uglify-to-browserify/-/uglify-to-browserify-1.0.2.tgz#6e0924d6bda6b5afe349e39a6d632850a0f882b7"

unpipe@1.0.0, unpipe@~1.0.0:
  version "1.0.0"
  resolved "https://registry.npmjs.org/unpipe/-/unpipe-1.0.0.tgz#b2bf4ee8514aae6165b4817829d21b2ef49904ec"

util-deprecate@~1.0.1:
  version "1.0.2"
  resolved "https://registry.npmjs.org/util-deprecate/-/util-deprecate-1.0.2.tgz#450d4dc9fa70de732762fbd2d4a28981419a0ccf"

utils-merge@1.0.0:
  version "1.0.0"
  resolved "https://registry.npmjs.org/utils-merge/-/utils-merge-1.0.0.tgz#0294fb922bb9375153541c4f7096231f287c8af8"

vary@~1.1.0:
  version "1.1.1"
  resolved "https://registry.npmjs.org/vary/-/vary-1.1.1.tgz#67535ebb694c1d52257457984665323f587e8d37"

void-elements@^2.0.1:
  version "2.0.1"
  resolved "https://registry.npmjs.org/void-elements/-/void-elements-2.0.1.tgz#c066afb582bb1cb4128d60ea92392e94d5e9dbec"

webtask-tools@^3.2.0:
  version "3.2.0"
  resolved "https://registry.npmjs.org/webtask-tools/-/webtask-tools-3.2.0.tgz#bd6dda8f739bbb2e1c69479a5883085e0293f69d"
  dependencies:
    boom "^2.7.2"
    jsonwebtoken "^5.7.0"
    pug "^0.1.0"
    safe-buffer "^5.0.1"
    superagent "^1.8.3"

window-size@0.1.0:
  version "0.1.0"
  resolved "https://registry.npmjs.org/window-size/-/window-size-0.1.0.tgz#5438cd2ea93b202efa3a19fe8887aee7c94f9c9d"

with@^5.0.0:
  version "5.1.1"
  resolved "https://registry.npmjs.org/with/-/with-5.1.1.tgz#fa4daa92daf32c4ea94ed453c81f04686b575dfe"
  dependencies:
    acorn "^3.1.0"
    acorn-globals "^3.0.0"

wordwrap@0.0.2:
  version "0.0.2"
  resolved "https://registry.npmjs.org/wordwrap/-/wordwrap-0.0.2.tgz#b79669bb42ecb409f83d583cad52ca17eaa1643f"

xtend@^4.0.1:
  version "4.0.1"
  resolved "https://registry.npmjs.org/xtend/-/xtend-4.0.1.tgz#a5c6d532be656e23db820efb943a1f04998d63af"

yargs@~3.10.0:
  version "3.10.0"
  resolved "https://registry.npmjs.org/yargs/-/yargs-3.10.0.tgz#f7ee7bd857dd7c1d2d38c0e74efbd681d1431fd1"
  dependencies:
    camelcase "^1.0.2"
    cliui "^2.1.0"
    decamelize "^1.0.0"
    window-size "0.1.0"
